
Microsoft Visual Studio Solution File, Format Version 12.00
# Visual Studio Version 17
VisualStudioVersion = 17.14.36109.1 d17.14
MinimumVisualStudioVersion = 10.0.40219.1
Project("{FAE04EC0-301F-11D3-BF4B-00C04F79EFBC}") = "InventoryAPI", "InventoryAPI\InventoryAPI.csproj", "{C0E551B7-D873-4FBA-9571-3917B7EBB71D}"
EndProject
Global
	GlobalSection(SolutionConfigurationPlatforms) = preSolution
		Debug|Any CPU = Debug|Any CPU
		Release|Any CPU = Release|Any CPU
	EndGlobalSection
	GlobalSection(ProjectConfigurationPlatforms) = postSolution
		{C0E551B7-D873-4FBA-9571-3917B7EBB71D}.Debug|Any CPU.ActiveCfg = Debug|Any CPU
		{C0E551B7-D873-4FBA-9571-3917B7EBB71D}.Debug|Any CPU.Build.0 = Debug|Any CPU
		{C0E551B7-D873-4FBA-9571-3917B7EBB71D}.Release|Any CPU.ActiveCfg = Release|Any CPU
		{C0E551B7-D873-4FBA-9571-3917B7EBB71D}.Release|Any CPU.Build.0 = Release|Any CPU
	EndGlobalSection
	GlobalSection(SolutionProperties) = preSolution
		HideSolutionNode = FALSE
	EndGlobalSection
	GlobalSection(ExtensibilityGlobals) = postSolution
		SolutionGuid = {C556F876-1FC3-4519-BF0A-D8C95A0E7862}
	EndGlobalSection
EndGlobal
